
Microsoft Visual Studio Solution File, Format Version 12.00
# Visual Studio Version 16
VisualStudioVersion = 16.0.30204.135
MinimumVisualStudioVersion = 10.0.40219.1
Project("{FAE04EC0-301F-11D3-BF4B-00C04F79EFBC}") = "sample_3_10", "sample_3_10\sample_3_10.csproj", "{0754FC99-5277-4A11-9367-91D5BA8C1B49}"
EndProject
Global
	GlobalSection(SolutionConfigurationPlatforms) = preSolution
		Debug|Any CPU = Debug|Any CPU
		Release|Any CPU = Release|Any CPU
	EndGlobalSection
	GlobalSection(ProjectConfigurationPlatforms) = postSolution
		{0754FC99-5277-4A11-9367-91D5BA8C1B49}.Debug|Any CPU.ActiveCfg = Debug|Any CPU
		{0754FC99-5277-4A11-9367-91D5BA8C1B49}.Debug|Any CPU.Build.0 = Debug|Any CPU
		{0754FC99-5277-4A11-9367-91D5BA8C1B49}.Release|Any CPU.ActiveCfg = Release|Any CPU
		{0754FC99-5277-4A11-9367-91D5BA8C1B49}.Release|Any CPU.Build.0 = Release|Any CPU
	EndGlobalSection
	GlobalSection(SolutionProperties) = preSolution
		HideSolutionNode = FALSE
	EndGlobalSection
	GlobalSection(ExtensibilityGlobals) = postSolution
		SolutionGuid = {286A8D56-0A76-4D01-9A05-19AF96C154E1}
	EndGlobalSection
EndGlobal
